
Microsoft Visual Studio Solution File, Format Version 12.00
# Visual Studio Version 16
VisualStudioVersion = 16.0.30611.23
MinimumVisualStudioVersion = 10.0.40219.1
Project("{FAE04EC0-301F-11D3-BF4B-00C04F79EFBC}") = "MNK", "MNK\MNK.csproj", "{79240A86-AD75-471F-A7F7-9908AE49B605}"
EndProject
Global
	GlobalSection(SolutionConfigurationPlatforms) = preSolution
		Debug|Any CPU = Debug|Any CPU
		Release|Any CPU = Release|Any CPU
	EndGlobalSection
	GlobalSection(ProjectConfigurationPlatforms) = postSolution
		{79240A86-AD75-471F-A7F7-9908AE49B605}.Debug|Any CPU.ActiveCfg = Debug|Any CPU
		{79240A86-AD75-471F-A7F7-9908AE49B605}.Debug|Any CPU.Build.0 = Debug|Any CPU
		{79240A86-AD75-471F-A7F7-9908AE49B605}.Release|Any CPU.ActiveCfg = Release|Any CPU
		{79240A86-AD75-471F-A7F7-9908AE49B605}.Release|Any CPU.Build.0 = Release|Any CPU
	EndGlobalSection
	GlobalSection(SolutionProperties) = preSolution
		HideSolutionNode = FALSE
	EndGlobalSection
	GlobalSection(ExtensibilityGlobals) = postSolution
		SolutionGuid = {2E0FAAE8-C9AD-4DD3-895A-2240C4B23B81}
	EndGlobalSection
EndGlobal
